
Microsoft Visual Studio Solution File, Format Version 12.00
# Visual Studio Version 17
VisualStudioVersion = 17.6.33801.468
MinimumVisualStudioVersion = 10.0.40219.1
Project("{FAE04EC0-301F-11D3-BF4B-00C04F79EFBC}") = "Logic Game Georgi", "Logic Game Georgi.csproj", "{A166AC71-B28E-4D99-BF65-6C14CAD559B1}"
EndProject
Global
	GlobalSection(SolutionConfigurationPlatforms) = preSolution
		Debug|Any CPU = Debug|Any CPU
		Release|Any CPU = Release|Any CPU
	EndGlobalSection
	GlobalSection(ProjectConfigurationPlatforms) = postSolution
		{A166AC71-B28E-4D99-BF65-6C14CAD559B1}.Debug|Any CPU.ActiveCfg = Debug|Any CPU
		{A166AC71-B28E-4D99-BF65-6C14CAD559B1}.Debug|Any CPU.Build.0 = Debug|Any CPU
		{A166AC71-B28E-4D99-BF65-6C14CAD559B1}.Release|Any CPU.ActiveCfg = Release|Any CPU
		{A166AC71-B28E-4D99-BF65-6C14CAD559B1}.Release|Any CPU.Build.0 = Release|Any CPU
	EndGlobalSection
	GlobalSection(SolutionProperties) = preSolution
		HideSolutionNode = FALSE
	EndGlobalSection
	GlobalSection(ExtensibilityGlobals) = postSolution
		SolutionGuid = {46B20F10-F886-465D-A6C0-F2378237410E}
	EndGlobalSection
EndGlobal
